// !$*UTF8*$!
{
	archiveVersion = 1;
	classes = {
	};
	objectVersion = 46;
	objects = {

/* Begin PBXBuildFile section */
		240D1AC716A87C3400128765 /* NSMutableDictionary+SwitchStates.m in Sources */ = {isa = PBXBuildFile; fileRef = 240D1AC616A87C3400128765 /* NSMutableDictionary+SwitchStates.m */; };
		240D1ACB16A8852D00128765 /* wrench.png in Resources */ = {isa = PBXBuildFile; fileRef = 240D1AC916A8852D00128765 /* wrench.png */; };
		240D1ACC16A8852D00128765 /* wrench@2x.png in Resources */ = {isa = PBXBuildFile; fileRef = 240D1ACA16A8852D00128765 /* wrench@2x.png */; };
		240D1ACF16A8A3A000128765 /* WatchModel.m in Sources */ = {isa = PBXBuildFile; fileRef = 240D1ACE16A8A3A000128765 /* WatchModel.m */; };
		243AFC4D16A5DC4000F21550 /* FollowingCell.xib in Resources */ = {isa = PBXBuildFile; fileRef = 243AFC4C16A5DC4000F21550 /* FollowingCell.xib */; };
		243AFC5116A5DCEF00F21550 /* FollowingCell.m in Sources */ = {isa = PBXBuildFile; fileRef = 243AFC5016A5DCEF00F21550 /* FollowingCell.m */; };
		24B35D6816A747440089C83E /* MBProgressHUD.m in Sources */ = {isa = PBXBuildFile; fileRef = 24B35D6716A747440089C83E /* MBProgressHUD.m */; };
		24CA10A216A306A100B153BE /* UIKit.framework in Frameworks */ = {isa = PBXBuildFile; fileRef = 24CA10A116A306A100B153BE /* UIKit.framework */; };
		24CA10A416A306A100B153BE /* Foundation.framework in Frameworks */ = {isa = PBXBuildFile; fileRef = 24CA10A316A306A100B153BE /* Foundation.framework */; };
		24CA10A616A306A100B153BE /* CoreGraphics.framework in Frameworks */ = {isa = PBXBuildFile; fileRef = 24CA10A516A306A100B153BE /* CoreGraphics.framework */; };
		24CA10AC16A306A100B153BE /* InfoPlist.strings in Resources */ = {isa = PBXBuildFile; fileRef = 24CA10AA16A306A100B153BE /* InfoPlist.strings */; };
		24CA10AE16A306A100B153BE /* main.m in Sources */ = {isa = PBXBuildFile; fileRef = 24CA10AD16A306A100B153BE /* main.m */; };
		24CA10B216A306A100B153BE /* AppDelegate.m in Sources */ = {isa = PBXBuildFile; fileRef = 24CA10B116A306A100B153BE /* AppDelegate.m */; };
		24CA10B416A306A100B153BE /* Default.png in Resources */ = {isa = PBXBuildFile; fileRef = 24CA10B316A306A100B153BE /* Default.png */; };
		24CA10B616A306A100B153BE /* Default@2x.png in Resources */ = {isa = PBXBuildFile; fileRef = 24CA10B516A306A100B153BE /* Default@2x.png */; };
		24CA10B816A306A100B153BE /* Default-568h@2x.png in Resources */ = {isa = PBXBuildFile; fileRef = 24CA10B716A306A100B153BE /* Default-568h@2x.png */; };
		24CA10BB16A306A100B153BE /* MainStoryboard.storyboard in Resources */ = {isa = PBXBuildFile; fileRef = 24CA10B916A306A100B153BE /* MainStoryboard.storyboard */; };
		24CA10BE16A306A100B153BE /* ViewController.m in Sources */ = {isa = PBXBuildFile; fileRef = 24CA10BD16A306A100B153BE /* ViewController.m */; };
		24CA10C616A306A100B153BE /* SenTestingKit.framework in Frameworks */ = {isa = PBXBuildFile; fileRef = 24CA10C516A306A100B153BE /* SenTestingKit.framework */; };
		24CA10C716A306A100B153BE /* UIKit.framework in Frameworks */ = {isa = PBXBuildFile; fileRef = 24CA10A116A306A100B153BE /* UIKit.framework */; };
		24CA10C816A306A100B153BE /* Foundation.framework in Frameworks */ = {isa = PBXBuildFile; fileRef = 24CA10A316A306A100B153BE /* Foundation.framework */; };
		24CA10D016A306A100B153BE /* InfoPlist.strings in Resources */ = {isa = PBXBuildFile; fileRef = 24CA10CE16A306A100B153BE /* InfoPlist.strings */; };
		24CA10D316A306A100B153BE /* TwitterAlertTests.m in Sources */ = {isa = PBXBuildFile; fileRef = 24CA10D216A306A100B153BE /* TwitterAlertTests.m */; };
		24CA10E016A3074600B153BE /* Following.m in Sources */ = {isa = PBXBuildFile; fileRef = 24CA10DD16A3074500B153BE /* Following.m */; };
		24CA10E116A3074600B153BE /* TwitterRequest.m in Sources */ = {isa = PBXBuildFile; fileRef = 24CA10DF16A3074600B153BE /* TwitterRequest.m */; };
		24CA10E516A3076200B153BE /* Social.framework in Frameworks */ = {isa = PBXBuildFile; fileRef = 24CA10E416A3076200B153BE /* Social.framework */; };
		24CA10E716A3076700B153BE /* Accounts.framework in Frameworks */ = {isa = PBXBuildFile; fileRef = 24CA10E616A3076700B153BE /* Accounts.framework */; };
/* End PBXBuildFile section */

/* Begin PBXContainerItemProxy section */
		24CA10C916A306A100B153BE /* PBXContainerItemProxy */ = {
			isa = PBXContainerItemProxy;
			containerPortal = 24CA109416A306A100B153BE /* Project object */;
			proxyType = 1;
			remoteGlobalIDString = 24CA109C16A306A100B153BE;
			remoteInfo = TwitterAlert;
		};
/* End PBXContainerItemProxy section */

/* Begin PBXFileReference section */
		240D1AC516A87C3400128765 /* NSMutableDictionary+SwitchStates.h */ = {isa = PBXFileReference; fileEncoding = 4; lastKnownFileType = sourcecode.c.h; path = "NSMutableDictionary+SwitchStates.h"; sourceTree = "<group>"; };
		240D1AC616A87C3400128765 /* NSMutableDictionary+SwitchStates.m */ = {isa = PBXFileReference; fileEncoding = 4; lastKnownFileType = sourcecode.c.objc; path = "NSMutableDictionary+SwitchStates.m"; sourceTree = "<group>"; };
		240D1AC916A8852D00128765 /* wrench.png */ = {isa = PBXFileReference; lastKnownFileType = image.png; path = wrench.png; sourceTree = "<group>"; };
		240D1ACA16A8852D00128765 /* wrench@2x.png */ = {isa = PBXFileReference; lastKnownFileType = image.png; path = "wrench@2x.png"; sourceTree = "<group>"; };
		240D1ACD16A8A3A000128765 /* WatchModel.h */ = {isa = PBXFileReference; fileEncoding = 4; lastKnownFileType = sourcecode.c.h; path = WatchModel.h; sourceTree = "<group>"; };
		240D1ACE16A8A3A000128765 /* WatchModel.m */ = {isa = PBXFileReference; fileEncoding = 4; lastKnownFileType = sourcecode.c.objc; path = WatchModel.m; sourceTree = "<group>"; };
		243AFC4C16A5DC4000F21550 /* FollowingCell.xib */ = {isa = PBXFileReference; fileEncoding = 4; lastKnownFileType = file.xib; path = FollowingCell.xib; sourceTree = "<group>"; };
		243AFC4F16A5DCEF00F21550 /* FollowingCell.h */ = {isa = PBXFileReference; fileEncoding = 4; lastKnownFileType = sourcecode.c.h; path = FollowingCell.h; sourceTree = "<group>"; };
		243AFC5016A5DCEF00F21550 /* FollowingCell.m */ = {isa = PBXFileReference; fileEncoding = 4; lastKnownFileType = sourcecode.c.objc; path = FollowingCell.m; sourceTree = "<group>"; };
		24B35D6616A747440089C83E /* MBProgressHUD.h */ = {isa = PBXFileReference; fileEncoding = 4; lastKnownFileType = sourcecode.c.h; path = MBProgressHUD.h; sourceTree = "<group>"; };
		24B35D6716A747440089C83E /* MBProgressHUD.m */ = {isa = PBXFileReference; fileEncoding = 4; lastKnownFileType = sourcecode.c.objc; path = MBProgressHUD.m; sourceTree = "<group>"; };
		24CA109D16A306A100B153BE /* TweetAlert.app */ = {isa = PBXFileReference; explicitFileType = wrapper.application; includeInIndex = 0; path = TweetAlert.app; sourceTree = BUILT_PRODUCTS_DIR; };
		24CA10A116A306A100B153BE /* UIKit.framework */ = {isa = PBXFileReference; lastKnownFileType = wrapper.framework; name = UIKit.framework; path = System/Library/Frameworks/UIKit.framework; sourceTree = SDKROOT; };
		24CA10A316A306A100B153BE /* Foundation.framework */ = {isa = PBXFileReference; lastKnownFileType = wrapper.framework; name = Foundation.framework; path = System/Library/Frameworks/Foundation.framework; sourceTree = SDKROOT; };
		24CA10A516A306A100B153BE /* CoreGraphics.framework */ = {isa = PBXFileReference; lastKnownFileType = wrapper.framework; name = CoreGraphics.framework; path = System/Library/Frameworks/CoreGraphics.framework; sourceTree = SDKROOT; };
		24CA10A916A306A100B153BE /* TweetAlert-Info.plist */ = {isa = PBXFileReference; lastKnownFileType = text.plist.xml; path = "TweetAlert-Info.plist"; sourceTree = "<group>"; };
		24CA10AB16A306A100B153BE /* en */ = {isa = PBXFileReference; lastKnownFileType = text.plist.strings; name = en; path = en.lproj/InfoPlist.strings; sourceTree = "<group>"; };
		24CA10AD16A306A100B153BE /* main.m */ = {isa = PBXFileReference; lastKnownFileType = sourcecode.c.objc; path = main.m; sourceTree = "<group>"; };
		24CA10AF16A306A100B153BE /* TweetAlert-Prefix.pch */ = {isa = PBXFileReference; lastKnownFileType = sourcecode.c.h; path = "TweetAlert-Prefix.pch"; sourceTree = "<group>"; };
		24CA10B016A306A100B153BE /* AppDelegate.h */ = {isa = PBXFileReference; lastKnownFileType = sourcecode.c.h; path = AppDelegate.h; sourceTree = "<group>"; };
		24CA10B116A306A100B153BE /* AppDelegate.m */ = {isa = PBXFileReference; lastKnownFileType = sourcecode.c.objc; path = AppDelegate.m; sourceTree = "<group>"; };
		24CA10B316A306A100B153BE /* Default.png */ = {isa = PBXFileReference; lastKnownFileType = image.png; path = Default.png; sourceTree = "<group>"; };
		24CA10B516A306A100B153BE /* Default@2x.png */ = {isa = PBXFileReference; lastKnownFileType = image.png; path = "Default@2x.png"; sourceTree = "<group>"; };
		24CA10B716A306A100B153BE /* Default-568h@2x.png */ = {isa = PBXFileReference; lastKnownFileType = image.png; path = "Default-568h@2x.png"; sourceTree = "<group>"; };
		24CA10BA16A306A100B153BE /* en */ = {isa = PBXFileReference; lastKnownFileType = file.storyboard; name = en; path = en.lproj/MainStoryboard.storyboard; sourceTree = "<group>"; };
		24CA10BC16A306A100B153BE /* ViewController.h */ = {isa = PBXFileReference; lastKnownFileType = sourcecode.c.h; path = ViewController.h; sourceTree = "<group>"; };
		24CA10BD16A306A100B153BE /* ViewController.m */ = {isa = PBXFileReference; lastKnownFileType = sourcecode.c.objc; path = ViewController.m; sourceTree = "<group>"; };
		24CA10C416A306A100B153BE /* TweetAlertTests.octest */ = {isa = PBXFileReference; explicitFileType = wrapper.cfbundle; includeInIndex = 0; path = TweetAlertTests.octest; sourceTree = BUILT_PRODUCTS_DIR; };
		24CA10C516A306A100B153BE /* SenTestingKit.framework */ = {isa = PBXFileReference; lastKnownFileType = wrapper.framework; name = SenTestingKit.framework; path = Library/Frameworks/SenTestingKit.framework; sourceTree = DEVELOPER_DIR; };
		24CA10CD16A306A100B153BE /* TweetAlertTests-Info.plist */ = {isa = PBXFileReference; lastKnownFileType = text.plist.xml; path = "TweetAlertTests-Info.plist"; sourceTree = "<group>"; };
		24CA10CF16A306A100B153BE /* en */ = {isa = PBXFileReference; lastKnownFileType = text.plist.strings; name = en; path = en.lproj/InfoPlist.strings; sourceTree = "<group>"; };
		24CA10D116A306A100B153BE /* TwitterAlertTests.h */ = {isa = PBXFileReference; lastKnownFileType = sourcecode.c.h; path = TwitterAlertTests.h; sourceTree = "<group>"; };
		24CA10D216A306A100B153BE /* TwitterAlertTests.m */ = {isa = PBXFileReference; lastKnownFileType = sourcecode.c.objc; path = TwitterAlertTests.m; sourceTree = "<group>"; };
		24CA10DC16A3074500B153BE /* Following.h */ = {isa = PBXFileReference; fileEncoding = 4; lastKnownFileType = sourcecode.c.h; path = Following.h; sourceTree = "<group>"; };
		24CA10DD16A3074500B153BE /* Following.m */ = {isa = PBXFileReference; fileEncoding = 4; lastKnownFileType = sourcecode.c.objc; path = Following.m; sourceTree = "<group>"; };
		24CA10DE16A3074500B153BE /* TwitterRequest.h */ = {isa = PBXFileReference; fileEncoding = 4; lastKnownFileType = sourcecode.c.h; path = TwitterRequest.h; sourceTree = "<group>"; };
		24CA10DF16A3074600B153BE /* TwitterRequest.m */ = {isa = PBXFileReference; fileEncoding = 4; lastKnownFileType = sourcecode.c.objc; path = TwitterRequest.m; sourceTree = "<group>"; };
		24CA10E416A3076200B153BE /* Social.framework */ = {isa = PBXFileReference; lastKnownFileType = wrapper.framework; name = Social.framework; path = System/Library/Frameworks/Social.framework; sourceTree = SDKROOT; };
		24CA10E616A3076700B153BE /* Accounts.framework */ = {isa = PBXFileReference; lastKnownFileType = wrapper.framework; name = Accounts.framework; path = System/Library/Frameworks/Accounts.framework; sourceTree = SDKROOT; };
/* End PBXFileReference section */

/* Begin PBXFrameworksBuildPhase section */
		24CA109A16A306A100B153BE /* Frameworks */ = {
			isa = PBXFrameworksBuildPhase;
			buildActionMask = 2147483647;
			files = (
				24CA10E716A3076700B153BE /* Accounts.framework in Frameworks */,
				24CA10E516A3076200B153BE /* Social.framework in Frameworks */,
				24CA10A216A306A100B153BE /* UIKit.framework in Frameworks */,
				24CA10A416A306A100B153BE /* Foundation.framework in Frameworks */,
				24CA10A616A306A100B153BE /* CoreGraphics.framework in Frameworks */,
			);
			runOnlyForDeploymentPostprocessing = 0;
		};
		24CA10C016A306A100B153BE /* Frameworks */ = {
			isa = PBXFrameworksBuildPhase;
			buildActionMask = 2147483647;
			files = (
				24CA10C616A306A100B153BE /* SenTestingKit.framework in Frameworks */,
				24CA10C716A306A100B153BE /* UIKit.framework in Frameworks */,
				24CA10C816A306A100B153BE /* Foundation.framework in Frameworks */,
			);
			runOnlyForDeploymentPostprocessing = 0;
		};
/* End PBXFrameworksBuildPhase section */

/* Begin PBXGroup section */
		240D1AC816A87D8A00128765 /* Categories */ = {
			isa = PBXGroup;
			children = (
				240D1AC516A87C3400128765 /* NSMutableDictionary+SwitchStates.h */,
				240D1AC616A87C3400128765 /* NSMutableDictionary+SwitchStates.m */,
			);
			name = Categories;
			sourceTree = "<group>";
		};
		24B35D6416A7471A0089C83E /* MBProgressHUD */ = {
			isa = PBXGroup;
			children = (
				24B35D6616A747440089C83E /* MBProgressHUD.h */,
				24B35D6716A747440089C83E /* MBProgressHUD.m */,
			);
			name = MBProgressHUD;
			sourceTree = "<group>";
		};
		24CA109216A306A100B153BE = {
			isa = PBXGroup;
			children = (
				24CA10A716A306A100B153BE /* TweetAlert */,
				24CA10CB16A306A100B153BE /* TwitterAlertTests */,
				24CA10A016A306A100B153BE /* Frameworks */,
				24CA109E16A306A100B153BE /* Products */,
			);
			sourceTree = "<group>";
		};
		24CA109E16A306A100B153BE /* Products */ = {
			isa = PBXGroup;
			children = (
				24CA109D16A306A100B153BE /* TweetAlert.app */,
				24CA10C416A306A100B153BE /* TweetAlertTests.octest */,
			);
			name = Products;
			sourceTree = "<group>";
		};
		24CA10A016A306A100B153BE /* Frameworks */ = {
			isa = PBXGroup;
			children = (
				24CA10E616A3076700B153BE /* Accounts.framework */,
				24CA10E416A3076200B153BE /* Social.framework */,
				24CA10A116A306A100B153BE /* UIKit.framework */,
				24CA10A316A306A100B153BE /* Foundation.framework */,
				24CA10A516A306A100B153BE /* CoreGraphics.framework */,
				24CA10C516A306A100B153BE /* SenTestingKit.framework */,
			);
			name = Frameworks;
			sourceTree = "<group>";
		};
		24CA10A716A306A100B153BE /* TweetAlert */ = {
			isa = PBXGroup;
			children = (
				240D1AC916A8852D00128765 /* wrench.png */,
				240D1ACA16A8852D00128765 /* wrench@2x.png */,
				24B35D6416A7471A0089C83E /* MBProgressHUD */,
				24CA10E216A3074B00B153BE /* Model */,
				24CA10E316A3075200B153BE /* Service */,
				24CA10B016A306A100B153BE /* AppDelegate.h */,
				24CA10B116A306A100B153BE /* AppDelegate.m */,
				24CA10B916A306A100B153BE /* MainStoryboard.storyboard */,
				24CA10BC16A306A100B153BE /* ViewController.h */,
				24CA10BD16A306A100B153BE /* ViewController.m */,
				24CA10A816A306A100B153BE /* Supporting Files */,
				243AFC4C16A5DC4000F21550 /* FollowingCell.xib */,
				243AFC4F16A5DCEF00F21550 /* FollowingCell.h */,
				243AFC5016A5DCEF00F21550 /* FollowingCell.m */,
				240D1AC816A87D8A00128765 /* Categories */,
			);
			name = TweetAlert;
			path = TwitterAlert;
			sourceTree = "<group>";
		};
		24CA10A816A306A100B153BE /* Supporting Files */ = {
			isa = PBXGroup;
			children = (
				24CA10A916A306A100B153BE /* TweetAlert-Info.plist */,
				24CA10AA16A306A100B153BE /* InfoPlist.strings */,
				24CA10AD16A306A100B153BE /* main.m */,
				24CA10AF16A306A100B153BE /* TweetAlert-Prefix.pch */,
				24CA10B316A306A100B153BE /* Default.png */,
				24CA10B516A306A100B153BE /* Default@2x.png */,
				24CA10B716A306A100B153BE /* Default-568h@2x.png */,
			);
			name = "Supporting Files";
			sourceTree = "<group>";
		};
		24CA10CB16A306A100B153BE /* TwitterAlertTests */ = {
			isa = PBXGroup;
			children = (
				24CA10D116A306A100B153BE /* TwitterAlertTests.h */,
				24CA10D216A306A100B153BE /* TwitterAlertTests.m */,
				24CA10CC16A306A100B153BE /* Supporting Files */,
			);
			path = TwitterAlertTests;
			sourceTree = "<group>";
		};
		24CA10CC16A306A100B153BE /* Supporting Files */ = {
			isa = PBXGroup;
			children = (
				24CA10CD16A306A100B153BE /* TweetAlertTests-Info.plist */,
				24CA10CE16A306A100B153BE /* InfoPlist.strings */,
			);
			name = "Supporting Files";
			sourceTree = "<group>";
		};
		24CA10E216A3074B00B153BE /* Model */ = {
			isa = PBXGroup;
			children = (
				240D1ACD16A8A3A000128765 /* WatchModel.h */,
				240D1ACE16A8A3A000128765 /* WatchModel.m */,
				24CA10DC16A3074500B153BE /* Following.h */,
				24CA10DD16A3074500B153BE /* Following.m */,
			);
			name = Model;
			sourceTree = "<group>";
		};
		24CA10E316A3075200B153BE /* Service */ = {
			isa = PBXGroup;
			children = (
				24CA10DE16A3074500B153BE /* TwitterRequest.h */,
				24CA10DF16A3074600B153BE /* TwitterRequest.m */,
			);
			name = Service;
			sourceTree = "<group>";
		};
/* End PBXGroup section */

/* Begin PBXNativeTarget section */
		24CA109C16A306A100B153BE /* TweetAlert */ = {
			isa = PBXNativeTarget;
			buildConfigurationList = 24CA10D616A306A100B153BE /* Build configuration list for PBXNativeTarget "TweetAlert" */;
			buildPhases = (
				24CA109916A306A100B153BE /* Sources */,
				24CA109A16A306A100B153BE /* Frameworks */,
				24CA109B16A306A100B153BE /* Resources */,
			);
			buildRules = (
			);
			dependencies = (
			);
			name = TweetAlert;
			productName = TwitterAlert;
			productReference = 24CA109D16A306A100B153BE /* TweetAlert.app */;
			productType = "com.apple.product-type.application";
		};
		24CA10C316A306A100B153BE /* TweetAlertTests */ = {
			isa = PBXNativeTarget;
			buildConfigurationList = 24CA10D916A306A100B153BE /* Build configuration list for PBXNativeTarget "TweetAlertTests" */;
			buildPhases = (
				24CA10BF16A306A100B153BE /* Sources */,
				24CA10C016A306A100B153BE /* Frameworks */,
				24CA10C116A306A100B153BE /* Resources */,
				24CA10C216A306A100B153BE /* ShellScript */,
			);
			buildRules = (
			);
			dependencies = (
				24CA10CA16A306A100B153BE /* PBXTargetDependency */,
			);
			name = TweetAlertTests;
			productName = TwitterAlertTests;
			productReference = 24CA10C416A306A100B153BE /* TweetAlertTests.octest */;
			productType = "com.apple.product-type.bundle";
		};
/* End PBXNativeTarget section */

/* Begin PBXProject section */
		24CA109416A306A100B153BE /* Project object */ = {
			isa = PBXProject;
			attributes = {
				LastUpgradeCheck = 0450;
				ORGANIZATIONNAME = Tallisoft.dk;
			};
			buildConfigurationList = 24CA109716A306A100B153BE /* Build configuration list for PBXProject "TweetAlert" */;
			compatibilityVersion = "Xcode 3.2";
			developmentRegion = English;
			hasScannedForEncodings = 0;
			knownRegions = (
				en,
			);
			mainGroup = 24CA109216A306A100B153BE;
			productRefGroup = 24CA109E16A306A100B153BE /* Products */;
			projectDirPath = "";
			projectRoot = "";
			targets = (
				24CA109C16A306A100B153BE /* TweetAlert */,
				24CA10C316A306A100B153BE /* TweetAlertTests */,
			);
		};
/* End PBXProject section */

/* Begin PBXResourcesBuildPhase section */
		24CA109B16A306A100B153BE /* Resources */ = {
			isa = PBXResourcesBuildPhase;
			buildActionMask = 2147483647;
			files = (
				24CA10AC16A306A100B153BE /* InfoPlist.strings in Resources */,
				24CA10B416A306A100B153BE /* Default.png in Resources */,
				24CA10B616A306A100B153BE /* Default@2x.png in Resources */,
				24CA10B816A306A100B153BE /* Default-568h@2x.png in Resources */,
				24CA10BB16A306A100B153BE /* MainStoryboard.storyboard in Resources */,
				243AFC4D16A5DC4000F21550 /* FollowingCell.xib in Resources */,
				240D1ACB16A8852D00128765 /* wrench.png in Resources */,
				240D1ACC16A8852D00128765 /* wrench@2x.png in Resources */,
			);
			runOnlyForDeploymentPostprocessing = 0;
		};
		24CA10C116A306A100B153BE /* Resources */ = {
			isa = PBXResourcesBuildPhase;
			buildActionMask = 2147483647;
			files = (
				24CA10D016A306A100B153BE /* InfoPlist.strings in Resources */,
			);
			runOnlyForDeploymentPostprocessing = 0;
		};
/* End PBXResourcesBuildPhase section */

/* Begin PBXShellScriptBuildPhase section */
		24CA10C216A306A100B153BE /* ShellScript */ = {
			isa = PBXShellScriptBuildPhase;
			buildActionMask = 2147483647;
			files = (
			);
			inputPaths = (
			);
			outputPaths = (
			);
			runOnlyForDeploymentPostprocessing = 0;
			shellPath = /bin/sh;
			shellScript = "# Run the unit tests in this test bundle.\n\"${SYSTEM_DEVELOPER_DIR}/Tools/RunUnitTests\"\n";
		};
/* End PBXShellScriptBuildPhase section */

/* Begin PBXSourcesBuildPhase section */
		24CA109916A306A100B153BE /* Sources */ = {
			isa = PBXSourcesBuildPhase;
			buildActionMask = 2147483647;
			files = (
				24CA10AE16A306A100B153BE /* main.m in Sources */,
				24CA10B216A306A100B153BE /* AppDelegate.m in Sources */,
				24CA10BE16A306A100B153BE /* ViewController.m in Sources */,
				24CA10E016A3074600B153BE /* Following.m in Sources */,
				24CA10E116A3074600B153BE /* TwitterRequest.m in Sources */,
				243AFC5116A5DCEF00F21550 /* FollowingCell.m in Sources */,
				24B35D6816A747440089C83E /* MBProgressHUD.m in Sources */,
				240D1AC716A87C3400128765 /* NSMutableDictionary+SwitchStates.m in Sources */,
				240D1ACF16A8A3A000128765 /* WatchModel.m in Sources */,
			);
			runOnlyForDeploymentPostprocessing = 0;
		};
		24CA10BF16A306A100B153BE /* Sources */ = {
			isa = PBXSourcesBuildPhase;
			buildActionMask = 2147483647;
			files = (
				24CA10D316A306A100B153BE /* TwitterAlertTests.m in Sources */,
			);
			runOnlyForDeploymentPostprocessing = 0;
		};
/* End PBXSourcesBuildPhase section */

/* Begin PBXTargetDependency section */
		24CA10CA16A306A100B153BE /* PBXTargetDependency */ = {
			isa = PBXTargetDependency;
			target = 24CA109C16A306A100B153BE /* TweetAlert */;
			targetProxy = 24CA10C916A306A100B153BE /* PBXContainerItemProxy */;
		};
/* End PBXTargetDependency section */

/* Begin PBXVariantGroup section */
		24CA10AA16A306A100B153BE /* InfoPlist.strings */ = {
			isa = PBXVariantGroup;
			children = (
				24CA10AB16A306A100B153BE /* en */,
			);
			name = InfoPlist.strings;
			sourceTree = "<group>";
		};
		24CA10B916A306A100B153BE /* MainStoryboard.storyboard */ = {
			isa = PBXVariantGroup;
			children = (
				24CA10BA16A306A100B153BE /* en */,
			);
			name = MainStoryboard.storyboard;
			sourceTree = "<group>";
		};
		24CA10CE16A306A100B153BE /* InfoPlist.strings */ = {
			isa = PBXVariantGroup;
			children = (
				24CA10CF16A306A100B153BE /* en */,
			);
			name = InfoPlist.strings;
			sourceTree = "<group>";
		};
/* End PBXVariantGroup section */

/* Begin XCBuildConfiguration section */
		24CA10D416A306A100B153BE /* Debug */ = {
			isa = XCBuildConfiguration;
			buildSettings = {
				ALWAYS_SEARCH_USER_PATHS = NO;
				CLANG_CXX_LANGUAGE_STANDARD = "gnu++0x";
				CLANG_CXX_LIBRARY = "libc++";
				CLANG_ENABLE_OBJC_ARC = YES;
				CLANG_WARN_EMPTY_BODY = YES;
				CLANG_WARN__DUPLICATE_METHOD_MATCH = YES;
				"CODE_SIGN_IDENTITY[sdk=iphoneos*]" = "iPhone Developer";
				COPY_PHASE_STRIP = NO;
				GCC_C_LANGUAGE_STANDARD = gnu99;
				GCC_DYNAMIC_NO_PIC = NO;
				GCC_OPTIMIZATION_LEVEL = 0;
				GCC_PREPROCESSOR_DEFINITIONS = (
					"DEBUG=1",
					"$(inherited)",
				);
				GCC_SYMBOLS_PRIVATE_EXTERN = NO;
				GCC_WARN_ABOUT_RETURN_TYPE = YES;
				GCC_WARN_UNINITIALIZED_AUTOS = YES;
				GCC_WARN_UNUSED_VARIABLE = YES;
				IPHONEOS_DEPLOYMENT_TARGET = 6.0;
				ONLY_ACTIVE_ARCH = YES;
				SDKROOT = iphoneos;
			};
			name = Debug;
		};
		24CA10D516A306A100B153BE /* Release */ = {
			isa = XCBuildConfiguration;
			buildSettings = {
				ALWAYS_SEARCH_USER_PATHS = NO;
				CLANG_CXX_LANGUAGE_STANDARD = "gnu++0x";
				CLANG_CXX_LIBRARY = "libc++";
				CLANG_ENABLE_OBJC_ARC = YES;
				CLANG_WARN_EMPTY_BODY = YES;
				CLANG_WARN__DUPLICATE_METHOD_MATCH = YES;
				"CODE_SIGN_IDENTITY[sdk=iphoneos*]" = "iPhone Developer";
				COPY_PHASE_STRIP = YES;
				GCC_C_LANGUAGE_STANDARD = gnu99;
				GCC_WARN_ABOUT_RETURN_TYPE = YES;
				GCC_WARN_UNINITIALIZED_AUTOS = YES;
				GCC_WARN_UNUSED_VARIABLE = YES;
				IPHONEOS_DEPLOYMENT_TARGET = 6.0;
				OTHER_CFLAGS = "-DNS_BLOCK_ASSERTIONS=1";
				SDKROOT = iphoneos;
				VALIDATE_PRODUCT = YES;
			};
			name = Release;
		};
		24CA10D716A306A100B153BE /* Debug */ = {
			isa = XCBuildConfiguration;
			buildSettings = {
				GCC_PRECOMPILE_PREFIX_HEADER = YES;
				GCC_PREFIX_HEADER = "TwitterAlert/TweetAlert-Prefix.pch";
				INFOPLIST_FILE = "TwitterAlert/TweetAlert-Info.plist";
				PRODUCT_NAME = TweetAlert;
				WRAPPER_EXTENSION = app;
			};
			name = Debug;
		};
		24CA10D816A306A100B153BE /* Release */ = {
			isa = XCBuildConfiguration;
			buildSettings = {
				GCC_PRECOMPILE_PREFIX_HEADER = YES;
				GCC_PREFIX_HEADER = "TwitterAlert/TweetAlert-Prefix.pch";
				INFOPLIST_FILE = "TwitterAlert/TweetAlert-Info.plist";
				PRODUCT_NAME = TweetAlert;
				WRAPPER_EXTENSION = app;
			};
			name = Release;
		};
		24CA10DA16A306A100B153BE /* Debug */ = {
			isa = XCBuildConfiguration;
			buildSettings = {
				BUNDLE_LOADER = "$(BUILT_PRODUCTS_DIR)/TwitterAlert.app/TwitterAlert";
				FRAMEWORK_SEARCH_PATHS = (
					"\"$(SDKROOT)/Developer/Library/Frameworks\"",
					"\"$(DEVELOPER_LIBRARY_DIR)/Frameworks\"",
				);
				GCC_PRECOMPILE_PREFIX_HEADER = YES;
				GCC_PREFIX_HEADER = "TwitterAlert/TwitterAlert-Prefix.pch";
				INFOPLIST_FILE = "TwitterAlertTests/TweetAlertTests-Info.plist";
				PRODUCT_NAME = TweetAlertTests;
				TEST_HOST = "$(BUNDLE_LOADER)";
				WRAPPER_EXTENSION = octest;
			};
			name = Debug;
		};
		24CA10DB16A306A100B153BE /* Release */ = {
			isa = XCBuildConfiguration;
			buildSettings = {
				BUNDLE_LOADER = "$(BUILT_PRODUCTS_DIR)/TwitterAlert.app/TwitterAlert";
				FRAMEWORK_SEARCH_PATHS = (
					"\"$(SDKROOT)/Developer/Library/Frameworks\"",
					"\"$(DEVELOPER_LIBRARY_DIR)/Frameworks\"",
				);
				GCC_PRECOMPILE_PREFIX_HEADER = YES;
				GCC_PREFIX_HEADER = "TwitterAlert/TwitterAlert-Prefix.pch";
				INFOPLIST_FILE = "TwitterAlertTests/TweetAlertTests-Info.plist";
				PRODUCT_NAME = TweetAlertTests;
				TEST_HOST = "$(BUNDLE_LOADER)";
				WRAPPER_EXTENSION = octest;
			};
			name = Release;
		};
/* End XCBuildConfiguration section */

/* Begin XCConfigurationList section */
		24CA109716A306A100B153BE /* Build configuration list for PBXProject "TweetAlert" */ = {
			isa = XCConfigurationList;
			buildConfigurations = (
				24CA10D416A306A100B153BE /* Debug */,
				24CA10D516A306A100B153BE /* Release */,
			);
			defaultConfigurationIsVisible = 0;
			defaultConfigurationName = Release;
		};
		24CA10D616A306A100B153BE /* Build configuration list for PBXNativeTarget "TweetAlert" */ = {
			isa = XCConfigurationList;
			buildConfigurations = (
				24CA10D716A306A100B153BE /* Debug */,
				24CA10D816A306A100B153BE /* Release */,
			);
			defaultConfigurationIsVisible = 0;
			defaultConfigurationName = Release;
		};
		24CA10D916A306A100B153BE /* Build configuration list for PBXNativeTarget "TweetAlertTests" */ = {
			isa = XCConfigurationList;
			buildConfigurations = (
				24CA10DA16A306A100B153BE /* Debug */,
				24CA10DB16A306A100B153BE /* Release */,
			);
			defaultConfigurationIsVisible = 0;
			defaultConfigurationName = Release;
		};
/* End XCConfigurationList section */
	};
	rootObject = 24CA109416A306A100B153BE /* Project object */;
}
